{
  "version": 4,
  "terraform_version": "0.12.26",
  "serial": 28,
  "lineage": "3a340cd7-3885-0fdb-f01f-3110a0bc14ec",
  "outputs": {},
  "resources": [
    {
      "mode": "data",
      "type": "aws_security_group",
      "name": "http_access",
      "provider": "provider.aws",
      "instances": [
        {
          "schema_version": 0,
          "attributes": {
            "arn": "arn:aws:ec2:us-east-1:673239712178:security-group/sg-0bf812882147107b9",
            "description": "Enables HTTP access",
            "filter": null,
            "id": "sg-0bf812882147107b9",
            "name": "HTTP access",
            "tags": {},
            "vpc_id": "vpc-0fb489da59bb4c952"
          }
        }
      ]
    },
    {
      "mode": "data",
      "type": "aws_subnet",
      "name": "public",
      "provider": "provider.aws",
      "instances": [
        {
          "schema_version": 0,
          "attributes": {
            "arn": "arn:aws:ec2:us-east-1:673239712178:subnet/subnet-0e03b92cd3a7cd028",
            "assign_ipv6_address_on_creation": false,
            "availability_zone": "us-east-1f",
            "availability_zone_id": "use1-az5",
            "cidr_block": "10.0.1.0/24",
            "default_for_az": false,
            "filter": null,
            "id": "subnet-0e03b92cd3a7cd028",
            "ipv6_cidr_block": null,
            "ipv6_cidr_block_association_id": null,
            "map_public_ip_on_launch": false,
            "outpost_arn": "",
            "owner_id": "673239712178",
            "state": "available",
            "tags": {
              "Name": "Public Subnet"
            },
            "vpc_id": "vpc-0fb489da59bb4c952"
          }
        }
      ]
    },
    {
      "mode": "data",
      "type": "aws_vpc",
      "name": "main",
      "provider": "provider.aws",
      "instances": [
        {
          "schema_version": 0,
          "attributes": {
            "arn": "arn:aws:ec2:us-east-1:673239712178:vpc/vpc-0fb489da59bb4c952",
            "cidr_block": "10.0.0.0/16",
            "cidr_block_associations": [
              {
                "association_id": "vpc-cidr-assoc-0ef20d72b1d115be6",
                "cidr_block": "10.0.0.0/16",
                "state": "associated"
              }
            ],
            "default": false,
            "dhcp_options_id": "dopt-aa79d7cd",
            "enable_dns_hostnames": false,
            "enable_dns_support": true,
            "filter": null,
            "id": "vpc-0fb489da59bb4c952",
            "instance_tenancy": "default",
            "ipv6_association_id": null,
            "ipv6_cidr_block": null,
            "main_route_table_id": "rtb-0f550444184005fd3",
            "owner_id": "673239712178",
            "state": "available",
            "tags": {
              "Name": "main"
            }
          }
        }
      ]
    },
    {
      "mode": "managed",
      "type": "aws_ecr_repository",
      "name": "protected_branchinator",
      "provider": "provider.aws",
      "instances": [
        {
          "schema_version": 0,
          "attributes": {
            "arn": "arn:aws:ecr:us-east-1:673239712178:repository/protected_branchinator",
            "id": "protected_branchinator",
            "image_scanning_configuration": [
              {
                "scan_on_push": false
              }
            ],
            "image_tag_mutability": "MUTABLE",
            "name": "protected_branchinator",
            "registry_id": "673239712178",
            "repository_url": "673239712178.dkr.ecr.us-east-1.amazonaws.com/protected_branchinator",
            "tags": {},
            "timeouts": null
          },
          "private": "eyJlMmJmYjczMC1lY2FhLTExZTYtOGY4OC0zNDM2M2JjN2M0YzAiOnsiZGVsZXRlIjoxMjAwMDAwMDAwMDAwfX0="
        }
      ]
    },
    {
      "mode": "managed",
      "type": "aws_ecs_cluster",
      "name": "protected_branchinator",
      "provider": "provider.aws",
      "instances": [
        {
          "schema_version": 0,
          "attributes": {
            "arn": "arn:aws:ecs:us-east-1:673239712178:cluster/protected_branchinator",
            "capacity_providers": [],
            "default_capacity_provider_strategy": [],
            "id": "arn:aws:ecs:us-east-1:673239712178:cluster/protected_branchinator",
            "name": "protected_branchinator",
            "setting": [
              {
                "name": "containerInsights",
                "value": "disabled"
              }
            ],
            "tags": {}
          },
          "private": "bnVsbA=="
        }
      ]
    },
    {
      "mode": "managed",
      "type": "aws_ecs_service",
      "name": "protected_branchinator",
      "provider": "provider.aws",
      "instances": [
        {
          "schema_version": 0,
          "attributes": {
            "capacity_provider_strategy": [],
            "cluster": "arn:aws:ecs:us-east-1:673239712178:cluster/protected_branchinator",
            "deployment_controller": [
              {
                "type": "ECS"
              }
            ],
            "deployment_maximum_percent": 200,
            "deployment_minimum_healthy_percent": 100,
            "desired_count": 1,
            "enable_ecs_managed_tags": false,
            "force_new_deployment": null,
            "health_check_grace_period_seconds": 0,
            "iam_role": "aws-service-role",
            "id": "arn:aws:ecs:us-east-1:673239712178:service/protected_branchinator/protected_branchinator",
            "launch_type": "FARGATE",
            "load_balancer": [],
            "name": "protected_branchinator",
            "network_configuration": [
              {
                "assign_public_ip": true,
                "security_groups": [
                  "sg-0bf812882147107b9"
                ],
                "subnets": [
                  "subnet-0e03b92cd3a7cd028"
                ]
              }
            ],
            "ordered_placement_strategy": [],
            "placement_constraints": [],
            "placement_strategy": [],
            "platform_version": "LATEST",
            "propagate_tags": "NONE",
            "scheduling_strategy": "REPLICA",
            "service_registries": [],
            "tags": {},
            "task_definition": "arn:aws:ecs:us-east-1:673239712178:task-definition/protected_branchinator:3",
            "timeouts": null
          },
          "private": "eyJlMmJmYjczMC1lY2FhLTExZTYtOGY4OC0zNDM2M2JjN2M0YzAiOnsiZGVsZXRlIjoxMjAwMDAwMDAwMDAwfX0=",
          "dependencies": [
            "aws_ecr_repository.protected_branchinator",
            "aws_ecs_cluster.protected_branchinator",
            "aws_ecs_task_definition.protected_branchinator",
            "aws_iam_role.ecs_execution_role",
            "aws_iam_role.ecs_task_role"
          ]
        }
      ]
    },
    {
      "mode": "managed",
      "type": "aws_ecs_task_definition",
      "name": "protected_branchinator",
      "provider": "provider.aws",
      "instances": [
        {
          "schema_version": 1,
          "attributes": {
            "arn": "arn:aws:ecs:us-east-1:673239712178:task-definition/protected_branchinator:3",
            "container_definitions": "[{\"cpu\":256,\"environment\":[],\"essential\":true,\"image\":\"673239712178.dkr.ecr.us-east-1.amazonaws.com/protected_branchinator\",\"memory\":512,\"mountPoints\":[],\"name\":\"protected_branchinator\",\"portMappings\":[{\"containerPort\":80,\"hostPort\":80,\"protocol\":\"tcp\"}],\"volumesFrom\":[]}]",
            "cpu": "256",
            "execution_role_arn": "arn:aws:iam::673239712178:role/ecs-execution",
            "family": "protected_branchinator",
            "id": "protected_branchinator",
            "inference_accelerator": [],
            "ipc_mode": "",
            "memory": "512",
            "network_mode": "awsvpc",
            "pid_mode": "",
            "placement_constraints": [],
            "proxy_configuration": [],
            "requires_compatibilities": [
              "FARGATE"
            ],
            "revision": 3,
            "tags": null,
            "task_role_arn": "arn:aws:iam::673239712178:role/ecs-tasks",
            "volume": []
          },
          "private": "eyJzY2hlbWFfdmVyc2lvbiI6IjEifQ==",
          "dependencies": [
            "aws_ecr_repository.protected_branchinator",
            "aws_iam_role.ecs_execution_role",
            "aws_iam_role.ecs_task_role"
          ]
        }
      ]
    },
    {
      "mode": "managed",
      "type": "aws_iam_policy",
      "name": "ecs_policy",
      "provider": "provider.aws",
      "instances": [
        {
          "schema_version": 0,
          "attributes": {
            "arn": "arn:aws:iam::673239712178:policy/read_protected_branchinator",
            "description": "Permissions needed for ECS tasks",
            "id": "arn:aws:iam::673239712178:policy/read_protected_branchinator",
            "name": "read_protected_branchinator",
            "name_prefix": null,
            "path": "/",
            "policy": "{\n  \"Version\": \"2012-10-17\",\n  \"Statement\": [\n    {\n      \"Sid\": \"VisualEditor0\",\n      \"Effect\": \"Allow\",\n      \"Action\": \"ecr:DescribeImages\",\n      \"Resource\": \"arn:aws:ecr:us-east-1:673239712178:repository/protected_branchinator\"\n    }\n  ]\n}\n"
          },
          "private": "bnVsbA==",
          "dependencies": [
            "aws_ecr_repository.protected_branchinator"
          ]
        }
      ]
    },
    {
      "mode": "managed",
      "type": "aws_iam_policy_attachment",
      "name": "ecr_attach",
      "provider": "provider.aws",
      "instances": [
        {
          "schema_version": 0,
          "attributes": {
            "groups": [],
            "id": "attach ECR to ECS role",
            "name": "attach ECR to ECS role",
            "policy_arn": "arn:aws:iam::673239712178:policy/read_protected_branchinator",
            "roles": [
              "ecs-tasks"
            ],
            "users": []
          },
          "private": "bnVsbA==",
          "dependencies": [
            "aws_ecr_repository.protected_branchinator",
            "aws_iam_policy.ecs_policy",
            "aws_iam_role.ecs_task_role"
          ]
        }
      ]
    },
    {
      "mode": "managed",
      "type": "aws_iam_role",
      "name": "ecs_execution_role",
      "provider": "provider.aws",
      "instances": [
        {
          "schema_version": 0,
          "attributes": {
            "arn": "arn:aws:iam::673239712178:role/ecs-execution",
            "assume_role_policy": "{\"Version\":\"2012-10-17\",\"Statement\":[{\"Sid\":\"\",\"Effect\":\"Allow\",\"Principal\":{\"Service\":\"ecs-tasks.amazonaws.com\"},\"Action\":\"sts:AssumeRole\"}]}",
            "create_date": "2021-08-04T15:51:31Z",
            "description": "",
            "force_detach_policies": false,
            "id": "ecs-execution",
            "max_session_duration": 3600,
            "name": "ecs-execution",
            "name_prefix": null,
            "path": "/",
            "permissions_boundary": null,
            "tags": {},
            "unique_id": "AROAZZQBWYGZGUDRQNY7O"
          },
          "private": "bnVsbA=="
        }
      ]
    },
    {
      "mode": "managed",
      "type": "aws_iam_role",
      "name": "ecs_task_role",
      "provider": "provider.aws",
      "instances": [
        {
          "schema_version": 0,
          "attributes": {
            "arn": "arn:aws:iam::673239712178:role/ecs-tasks",
            "assume_role_policy": "{\"Version\":\"2012-10-17\",\"Statement\":[{\"Sid\":\"\",\"Effect\":\"Allow\",\"Principal\":{\"Service\":\"ecs-tasks.amazonaws.com\"},\"Action\":\"sts:AssumeRole\"}]}",
            "create_date": "2021-08-04T16:23:14Z",
            "description": "Role for ECS tasks to access ECR and other needed resources",
            "force_detach_policies": false,
            "id": "ecs-tasks",
            "max_session_duration": 3600,
            "name": "ecs-tasks",
            "name_prefix": null,
            "path": "/",
            "permissions_boundary": null,
            "tags": {},
            "unique_id": "AROAZZQBWYGZDX4HWXWMS"
          },
          "private": "bnVsbA=="
        }
      ]
    }
  ]
}
